{
	"name": "arplugin-mp-demo",
	"version": "1.0.0",
	"lockfileVersion": 2,
	"requires": true,
	"packages": {
		"": {
			"name": "arplugin-mp-demo",
			"version": "1.0.0",
			"license": "ISC",
			"dependencies": {
				"crypto-js": "^4.2.0",
				"tencentcloud-webar-wx": "^1.0.0"
			},
			"devDependencies": {
				"prettier": "^3.2.5"
			}
		},
		"node_modules/crypto-js": {
			"version": "4.2.0",
			"resolved": "https://mirrors.tencent.com/npm/crypto-js/-/crypto-js-4.2.0.tgz",
			"integrity": "sha512-KALDyEYgpY+Rlob/iriUtjV6d5Eq+Y191A5g4UqLAi8CyGP9N1+FdVbkc1SxKc2r4YAYqG8JzO2KGL+AizD70Q=="
		},
		"node_modules/prettier": {
			"version": "3.2.5",
			"resolved": "https://mirrors.tencent.com/npm/prettier/-/prettier-3.2.5.tgz",
			"integrity": "sha512-3/GWa9aOC0YeD7LUfvOG2NiDyhOWRvt1k+rcKhOuYnMY24iiCphgneUfJDyFXd6rZCAnuLBv6UeAULtrhT/F4A==",
			"dev": true,
			"bin": {
				"prettier": "bin/prettier.cjs"
			},
			"engines": {
				"node": ">=14"
			},
			"funding": {
				"url": "https://github.com/prettier/prettier?sponsor=1"
			}
		},
		"node_modules/tencentcloud-webar-wx": {
			"version": "1.0.0",
			"resolved": "https://registry.npmjs.org/tencentcloud-webar-wx/-/tencentcloud-webar-wx-1.0.0.tgz",
			"integrity": "sha512-T/tZ1a21NH7i6s/FBLo68P3LDe16cE0byt03exWIcLcWW0pLUlH1ZTOrv/i3rDMGFtibSKdhLZ++BYNTsEq7tw=="
		}
	},
	"dependencies": {
		"crypto-js": {
			"version": "4.2.0",
			"resolved": "https://mirrors.tencent.com/npm/crypto-js/-/crypto-js-4.2.0.tgz",
			"integrity": "sha512-KALDyEYgpY+Rlob/iriUtjV6d5Eq+Y191A5g4UqLAi8CyGP9N1+FdVbkc1SxKc2r4YAYqG8JzO2KGL+AizD70Q=="
		},
		"prettier": {
			"version": "3.2.5",
			"resolved": "https://mirrors.tencent.com/npm/prettier/-/prettier-3.2.5.tgz",
			"integrity": "sha512-3/GWa9aOC0YeD7LUfvOG2NiDyhOWRvt1k+rcKhOuYnMY24iiCphgneUfJDyFXd6rZCAnuLBv6UeAULtrhT/F4A==",
			"dev": true
		},
		"tencentcloud-webar-wx": {
			"version": "1.0.0",
			"resolved": "https://registry.npmjs.org/tencentcloud-webar-wx/-/tencentcloud-webar-wx-1.0.0.tgz",
			"integrity": "sha512-T/tZ1a21NH7i6s/FBLo68P3LDe16cE0byt03exWIcLcWW0pLUlH1ZTOrv/i3rDMGFtibSKdhLZ++BYNTsEq7tw=="
		}
	}
}
